
Microsoft Visual Studio Solution File, Format Version 12.00
# Visual Studio Version 17
VisualStudioVersion = 17.9.34714.143
MinimumVisualStudioVersion = 10.0.40219.1
Project("{FAE04EC0-301F-11D3-BF4B-00C04F79EFBC}") = "Catch", "Catch\Catch.csproj", "{4431E3B1-5900-431E-84F5-405E954AEFD8}"
EndProject
Global
	GlobalSection(SolutionConfigurationPlatforms) = preSolution
		Debug|Any CPU = Debug|Any CPU
		Release|Any CPU = Release|Any CPU
	EndGlobalSection
	GlobalSection(ProjectConfigurationPlatforms) = postSolution
		{4431E3B1-5900-431E-84F5-405E954AEFD8}.Debug|Any CPU.ActiveCfg = Debug|Any CPU
		{4431E3B1-5900-431E-84F5-405E954AEFD8}.Debug|Any CPU.Build.0 = Debug|Any CPU
		{4431E3B1-5900-431E-84F5-405E954AEFD8}.Release|Any CPU.ActiveCfg = Release|Any CPU
		{4431E3B1-5900-431E-84F5-405E954AEFD8}.Release|Any CPU.Build.0 = Release|Any CPU
	EndGlobalSection
	GlobalSection(SolutionProperties) = preSolution
		HideSolutionNode = FALSE
	EndGlobalSection
	GlobalSection(ExtensibilityGlobals) = postSolution
		SolutionGuid = {AC99861C-DA69-4C8A-B158-0877DF4B5C57}
	EndGlobalSection
EndGlobal
